{
  "name": "avarts",
  "lockfileVersion": 2,
  "requires": true,
  "packages": {
    "": {
      "name": "avarts",
      "hasInstallScript": true,
      "devDependencies": {
        "@prettier/plugin-ruby": "^2.0.0",
        "prettier": "^2.4.1"
      },
      "engines": {
        "node": "14.x"
      }
    },
    "node_modules/@prettier/plugin-ruby": {
      "version": "2.0.0",
      "resolved": "https://registry.npmjs.org/@prettier/plugin-ruby/-/plugin-ruby-2.0.0.tgz",
      "integrity": "sha512-pA0rjTi5J7cT86XPNhXp7CpdV2Tlyj5oqDIsnQRxMu2P7LY2KJI/pyOSM8pzTH8BgRyQfe1P1NPCcTwxUnUWtQ==",
      "dev": true,
      "dependencies": {
        "prettier": ">=2.3.0"
      }
    },
    "node_modules/prettier": {
      "version": "2.4.1",
      "resolved": "https://registry.npmjs.org/prettier/-/prettier-2.4.1.tgz",
      "integrity": "sha512-9fbDAXSBcc6Bs1mZrDYb3XKzDLm4EXXL9sC1LqKP5rZkT6KRr/rf9amVUcODVXgguK/isJz0d0hP72WeaKWsvA==",
      "dev": true,
      "bin": {
        "prettier": "bin-prettier.js"
      },
      "engines": {
        "node": ">=10.13.0"
      }
    }
  },
  "dependencies": {
    "@prettier/plugin-ruby": {
      "version": "2.0.0",
      "resolved": "https://registry.npmjs.org/@prettier/plugin-ruby/-/plugin-ruby-2.0.0.tgz",
      "integrity": "sha512-pA0rjTi5J7cT86XPNhXp7CpdV2Tlyj5oqDIsnQRxMu2P7LY2KJI/pyOSM8pzTH8BgRyQfe1P1NPCcTwxUnUWtQ==",
      "dev": true,
      "requires": {
        "prettier": ">=2.3.0"
      }
    },
    "prettier": {
      "version": "2.4.1",
      "resolved": "https://registry.npmjs.org/prettier/-/prettier-2.4.1.tgz",
      "integrity": "sha512-9fbDAXSBcc6Bs1mZrDYb3XKzDLm4EXXL9sC1LqKP5rZkT6KRr/rf9amVUcODVXgguK/isJz0d0hP72WeaKWsvA==",
      "dev": true
    }
  }
}
